
Microsoft Visual Studio Solution File, Format Version 12.00
# Visual Studio 14
VisualStudioVersion = 14.0.25123.0
MinimumVisualStudioVersion = 10.0.40219.1
Project("{2150E333-8FDC-42A3-9474-1A3956D46DE8}") = "A_Model", "A_Model", "{E82E2AD7-B7BB-4F60-95DD-6F659CF4F3B0}"
EndProject
Project("{2150E333-8FDC-42A3-9474-1A3956D46DE8}") = "B_Framework", "B_Framework", "{A48693E3-E75C-4AA2-AF46-BEE445F94A2C}"
EndProject
Project("{2150E333-8FDC-42A3-9474-1A3956D46DE8}") = "C_BLL", "C_BLL", "{569E75E6-47F7-4F41-97D0-E460DE9EF9B0}"
EndProject
Project("{2150E333-8FDC-42A3-9474-1A3956D46DE8}") = "D_Application", "D_Application", "{0E38AE1E-3079-4827-84A8-2AF527FCB372}"
EndProject
Project("{2150E333-8FDC-42A3-9474-1A3956D46DE8}") = "E_Test", "E_Test", "{5CBA63AE-2AE2-49F9-A8FA-7A726976BD13}"
EndProject
Project("{FAE04EC0-301F-11D3-BF4B-00C04F79EFBC}") = "Manage", "D_Application\Manage\Manage.csproj", "{39DE034E-9B16-47BD-8470-0EDAC05ACE85}"
EndProject
Project("{2150E333-8FDC-42A3-9474-1A3956D46DE8}") = "G_DB", "G_DB", "{691038D6-E1D5-4F39-AFF3-53472864556E}"
EndProject
Project("{2150E333-8FDC-42A3-9474-1A3956D46DE8}") = "Sql", "Sql", "{F7D8E66A-E4C1-4A95-804E-A6569CE5E1FA}"
	ProjectSection(SolutionItems) = preProject
		20160820.sql = 20160820.sql
	EndProjectSection
EndProject
Project("{FAE04EC0-301F-11D3-BF4B-00C04F79EFBC}") = "ManageEF", "A_Model\ManageEF\ManageEF.csproj", "{56E7A102-31B0-4C02-8905-11D31E39142E}"
EndProject
Project("{FAE04EC0-301F-11D3-BF4B-00C04F79EFBC}") = "ManageService", "C_BLL\ManageService\ManageService.csproj", "{ACB66AA8-31ED-4E64-88F8-58EF6BEF7871}"
EndProject
Project("{FAE04EC0-301F-11D3-BF4B-00C04F79EFBC}") = "Core", "B_Framework\ManageCore\Core.csproj", "{CB4C1A81-AB9D-4091-A218-E4447DD37AD6}"
EndProject
Project("{FAE04EC0-301F-11D3-BF4B-00C04F79EFBC}") = "EF.Entity.Core", "B_Framework\EFData.Core\EF.Entity.Core.csproj", "{0AB13F11-BE54-4233-A7AA-C7F5140EFD11}"
EndProject
Global
	GlobalSection(SolutionConfigurationPlatforms) = preSolution
		Debug|Any CPU = Debug|Any CPU
		Release|Any CPU = Release|Any CPU
	EndGlobalSection
	GlobalSection(ProjectConfigurationPlatforms) = postSolution
		{39DE034E-9B16-47BD-8470-0EDAC05ACE85}.Debug|Any CPU.ActiveCfg = Debug|Any CPU
		{39DE034E-9B16-47BD-8470-0EDAC05ACE85}.Debug|Any CPU.Build.0 = Debug|Any CPU
		{39DE034E-9B16-47BD-8470-0EDAC05ACE85}.Release|Any CPU.ActiveCfg = Release|Any CPU
		{39DE034E-9B16-47BD-8470-0EDAC05ACE85}.Release|Any CPU.Build.0 = Release|Any CPU
		{56E7A102-31B0-4C02-8905-11D31E39142E}.Debug|Any CPU.ActiveCfg = Debug|Any CPU
		{56E7A102-31B0-4C02-8905-11D31E39142E}.Debug|Any CPU.Build.0 = Debug|Any CPU
		{56E7A102-31B0-4C02-8905-11D31E39142E}.Release|Any CPU.ActiveCfg = Release|Any CPU
		{56E7A102-31B0-4C02-8905-11D31E39142E}.Release|Any CPU.Build.0 = Release|Any CPU
		{ACB66AA8-31ED-4E64-88F8-58EF6BEF7871}.Debug|Any CPU.ActiveCfg = Debug|Any CPU
		{ACB66AA8-31ED-4E64-88F8-58EF6BEF7871}.Debug|Any CPU.Build.0 = Debug|Any CPU
		{ACB66AA8-31ED-4E64-88F8-58EF6BEF7871}.Release|Any CPU.ActiveCfg = Release|Any CPU
		{ACB66AA8-31ED-4E64-88F8-58EF6BEF7871}.Release|Any CPU.Build.0 = Release|Any CPU
		{CB4C1A81-AB9D-4091-A218-E4447DD37AD6}.Debug|Any CPU.ActiveCfg = Debug|Any CPU
		{CB4C1A81-AB9D-4091-A218-E4447DD37AD6}.Debug|Any CPU.Build.0 = Debug|Any CPU
		{CB4C1A81-AB9D-4091-A218-E4447DD37AD6}.Release|Any CPU.ActiveCfg = Release|Any CPU
		{CB4C1A81-AB9D-4091-A218-E4447DD37AD6}.Release|Any CPU.Build.0 = Release|Any CPU
		{0AB13F11-BE54-4233-A7AA-C7F5140EFD11}.Debug|Any CPU.ActiveCfg = Debug|Any CPU
		{0AB13F11-BE54-4233-A7AA-C7F5140EFD11}.Debug|Any CPU.Build.0 = Debug|Any CPU
		{0AB13F11-BE54-4233-A7AA-C7F5140EFD11}.Release|Any CPU.ActiveCfg = Release|Any CPU
		{0AB13F11-BE54-4233-A7AA-C7F5140EFD11}.Release|Any CPU.Build.0 = Release|Any CPU
	EndGlobalSection
	GlobalSection(SolutionProperties) = preSolution
		HideSolutionNode = FALSE
	EndGlobalSection
	GlobalSection(NestedProjects) = preSolution
		{39DE034E-9B16-47BD-8470-0EDAC05ACE85} = {0E38AE1E-3079-4827-84A8-2AF527FCB372}
		{F7D8E66A-E4C1-4A95-804E-A6569CE5E1FA} = {691038D6-E1D5-4F39-AFF3-53472864556E}
		{56E7A102-31B0-4C02-8905-11D31E39142E} = {E82E2AD7-B7BB-4F60-95DD-6F659CF4F3B0}
		{ACB66AA8-31ED-4E64-88F8-58EF6BEF7871} = {569E75E6-47F7-4F41-97D0-E460DE9EF9B0}
		{CB4C1A81-AB9D-4091-A218-E4447DD37AD6} = {A48693E3-E75C-4AA2-AF46-BEE445F94A2C}
		{0AB13F11-BE54-4233-A7AA-C7F5140EFD11} = {A48693E3-E75C-4AA2-AF46-BEE445F94A2C}
	EndGlobalSection
EndGlobal
