
Microsoft Visual Studio Solution File, Format Version 12.00
# Visual Studio 14
VisualStudioVersion = 14.0.23107.0
MinimumVisualStudioVersion = 10.0.40219.1
Project("{FAE04EC0-301F-11D3-BF4B-00C04F79EFBC}") = "WechatApp", "WechatApp\WechatApp.csproj", "{7F93FAD7-CFF9-4484-A710-3C2E2C8171F4}"
EndProject
Project("{2150E333-8FDC-42A3-9474-1A3956D46DE8}") = "Services", "Services", "{A96DFE19-83EA-4E6E-9F66-B7ADF7FBD581}"
EndProject
Project("{FAE04EC0-301F-11D3-BF4B-00C04F79EFBC}") = "WeixinService", "Service\WeixinService\WeixinService.csproj", "{04058729-24CB-40F9-8EDD-D67C71C17B18}"
EndProject
Project("{2150E333-8FDC-42A3-9474-1A3956D46DE8}") = "Model", "Model", "{80E26E34-B04F-4A0C-94F5-DF52A7F92C00}"
EndProject
Project("{2150E333-8FDC-42A3-9474-1A3956D46DE8}") = "Framework", "Framework", "{284EFA54-F811-4D4A-B71B-953E31FE3E4B}"
EndProject
Project("{FAE04EC0-301F-11D3-BF4B-00C04F79EFBC}") = "Core", "Framework\Core\Core.csproj", "{B97BB912-FED8-4CC9-AF32-401E9F5083BF}"
EndProject
Project("{FAE04EC0-301F-11D3-BF4B-00C04F79EFBC}") = "YaoService", "Service\YaoService\YaoService.csproj", "{580C33DE-2A4A-44DA-A781-5BD29D669DC7}"
EndProject
Project("{2150E333-8FDC-42A3-9474-1A3956D46DE8}") = "UnitTest", "UnitTest", "{CD5407DB-2EDC-4A69-92C4-15CFF12790D7}"
EndProject
Project("{FAE04EC0-301F-11D3-BF4B-00C04F79EFBC}") = "CoreTests", "UnitTest\CoreTests\CoreTests.csproj", "{1943DD82-15C0-46F0-8B61-5519C97C570D}"
EndProject
Project("{FAE04EC0-301F-11D3-BF4B-00C04F79EFBC}") = "YaoTest", "UnitTest\YaoTest\YaoTest.csproj", "{BEFD0170-C727-4CFD-A645-7660D16722F6}"
EndProject
Project("{FAE04EC0-301F-11D3-BF4B-00C04F79EFBC}") = "WechatQyApp", "WechatQyApp\WechatQyApp.csproj", "{3BB5A36F-B997-41C3-B31D-5E3E1EEA15C6}"
EndProject
Project("{FAE04EC0-301F-11D3-BF4B-00C04F79EFBC}") = "AliYunModel", "AliYunModel\AliYunModel.csproj", "{9D6D51EC-E691-4370-8C78-B23E454FDF18}"
EndProject
Global
	GlobalSection(SolutionConfigurationPlatforms) = preSolution
		Debug|Any CPU = Debug|Any CPU
		Release|Any CPU = Release|Any CPU
	EndGlobalSection
	GlobalSection(ProjectConfigurationPlatforms) = postSolution
		{7F93FAD7-CFF9-4484-A710-3C2E2C8171F4}.Debug|Any CPU.ActiveCfg = Debug|Any CPU
		{7F93FAD7-CFF9-4484-A710-3C2E2C8171F4}.Debug|Any CPU.Build.0 = Debug|Any CPU
		{7F93FAD7-CFF9-4484-A710-3C2E2C8171F4}.Release|Any CPU.ActiveCfg = Release|Any CPU
		{7F93FAD7-CFF9-4484-A710-3C2E2C8171F4}.Release|Any CPU.Build.0 = Release|Any CPU
		{04058729-24CB-40F9-8EDD-D67C71C17B18}.Debug|Any CPU.ActiveCfg = Debug|Any CPU
		{04058729-24CB-40F9-8EDD-D67C71C17B18}.Debug|Any CPU.Build.0 = Debug|Any CPU
		{04058729-24CB-40F9-8EDD-D67C71C17B18}.Release|Any CPU.ActiveCfg = Release|Any CPU
		{04058729-24CB-40F9-8EDD-D67C71C17B18}.Release|Any CPU.Build.0 = Release|Any CPU
		{B97BB912-FED8-4CC9-AF32-401E9F5083BF}.Debug|Any CPU.ActiveCfg = Debug|Any CPU
		{B97BB912-FED8-4CC9-AF32-401E9F5083BF}.Debug|Any CPU.Build.0 = Debug|Any CPU
		{B97BB912-FED8-4CC9-AF32-401E9F5083BF}.Release|Any CPU.ActiveCfg = Release|Any CPU
		{B97BB912-FED8-4CC9-AF32-401E9F5083BF}.Release|Any CPU.Build.0 = Release|Any CPU
		{580C33DE-2A4A-44DA-A781-5BD29D669DC7}.Debug|Any CPU.ActiveCfg = Debug|Any CPU
		{580C33DE-2A4A-44DA-A781-5BD29D669DC7}.Debug|Any CPU.Build.0 = Debug|Any CPU
		{580C33DE-2A4A-44DA-A781-5BD29D669DC7}.Release|Any CPU.ActiveCfg = Release|Any CPU
		{580C33DE-2A4A-44DA-A781-5BD29D669DC7}.Release|Any CPU.Build.0 = Release|Any CPU
		{1943DD82-15C0-46F0-8B61-5519C97C570D}.Debug|Any CPU.ActiveCfg = Debug|Any CPU
		{1943DD82-15C0-46F0-8B61-5519C97C570D}.Debug|Any CPU.Build.0 = Debug|Any CPU
		{1943DD82-15C0-46F0-8B61-5519C97C570D}.Release|Any CPU.ActiveCfg = Release|Any CPU
		{1943DD82-15C0-46F0-8B61-5519C97C570D}.Release|Any CPU.Build.0 = Release|Any CPU
		{BEFD0170-C727-4CFD-A645-7660D16722F6}.Debug|Any CPU.ActiveCfg = Debug|Any CPU
		{BEFD0170-C727-4CFD-A645-7660D16722F6}.Debug|Any CPU.Build.0 = Debug|Any CPU
		{BEFD0170-C727-4CFD-A645-7660D16722F6}.Release|Any CPU.ActiveCfg = Release|Any CPU
		{BEFD0170-C727-4CFD-A645-7660D16722F6}.Release|Any CPU.Build.0 = Release|Any CPU
		{3BB5A36F-B997-41C3-B31D-5E3E1EEA15C6}.Debug|Any CPU.ActiveCfg = Debug|Any CPU
		{3BB5A36F-B997-41C3-B31D-5E3E1EEA15C6}.Debug|Any CPU.Build.0 = Debug|Any CPU
		{3BB5A36F-B997-41C3-B31D-5E3E1EEA15C6}.Release|Any CPU.ActiveCfg = Release|Any CPU
		{3BB5A36F-B997-41C3-B31D-5E3E1EEA15C6}.Release|Any CPU.Build.0 = Release|Any CPU
		{9D6D51EC-E691-4370-8C78-B23E454FDF18}.Debug|Any CPU.ActiveCfg = Debug|Any CPU
		{9D6D51EC-E691-4370-8C78-B23E454FDF18}.Debug|Any CPU.Build.0 = Debug|Any CPU
		{9D6D51EC-E691-4370-8C78-B23E454FDF18}.Release|Any CPU.ActiveCfg = Release|Any CPU
		{9D6D51EC-E691-4370-8C78-B23E454FDF18}.Release|Any CPU.Build.0 = Release|Any CPU
	EndGlobalSection
	GlobalSection(SolutionProperties) = preSolution
		HideSolutionNode = FALSE
	EndGlobalSection
	GlobalSection(NestedProjects) = preSolution
		{04058729-24CB-40F9-8EDD-D67C71C17B18} = {A96DFE19-83EA-4E6E-9F66-B7ADF7FBD581}
		{B97BB912-FED8-4CC9-AF32-401E9F5083BF} = {284EFA54-F811-4D4A-B71B-953E31FE3E4B}
		{580C33DE-2A4A-44DA-A781-5BD29D669DC7} = {A96DFE19-83EA-4E6E-9F66-B7ADF7FBD581}
		{1943DD82-15C0-46F0-8B61-5519C97C570D} = {CD5407DB-2EDC-4A69-92C4-15CFF12790D7}
		{BEFD0170-C727-4CFD-A645-7660D16722F6} = {CD5407DB-2EDC-4A69-92C4-15CFF12790D7}
		{9D6D51EC-E691-4370-8C78-B23E454FDF18} = {80E26E34-B04F-4A0C-94F5-DF52A7F92C00}
	EndGlobalSection
EndGlobal
